
Microsoft Visual Studio Solution File, Format Version 12.00
# Visual Studio 15
VisualStudioVersion = 15.0.28307.1259
MinimumVisualStudioVersion = 10.0.40219.1
Project("{FAE04EC0-301F-11D3-BF4B-00C04F79EFBC}") = "FciFu Web Api 2", "FciFu Web Api 2\FciFu Web Api 2.csproj", "{9AD22C99-D140-448F-866B-546F742647CA}"
EndProject
Global
	GlobalSection(SolutionConfigurationPlatforms) = preSolution
		Debug|Any CPU = Debug|Any CPU
		Release|Any CPU = Release|Any CPU
	EndGlobalSection
	GlobalSection(ProjectConfigurationPlatforms) = postSolution
		{9AD22C99-D140-448F-866B-546F742647CA}.Debug|Any CPU.ActiveCfg = Debug|Any CPU
		{9AD22C99-D140-448F-866B-546F742647CA}.Debug|Any CPU.Build.0 = Debug|Any CPU
		{9AD22C99-D140-448F-866B-546F742647CA}.Release|Any CPU.ActiveCfg = Release|Any CPU
		{9AD22C99-D140-448F-866B-546F742647CA}.Release|Any CPU.Build.0 = Release|Any CPU
	EndGlobalSection
	GlobalSection(SolutionProperties) = preSolution
		HideSolutionNode = FALSE
	EndGlobalSection
	GlobalSection(ExtensibilityGlobals) = postSolution
		SolutionGuid = {810113D9-0E2A-4EAC-A272-90B69B749D86}
	EndGlobalSection
EndGlobal
